
Microsoft Visual Studio Solution File, Format Version 12.00
# Visual Studio Version 17
VisualStudioVersion = 17.9.34622.214
MinimumVisualStudioVersion = 10.0.40219.1
Project("{FAE04EC0-301F-11D3-BF4B-00C04F79EFBC}") = "Genealogy.Domain", "Genealogy.Domain\Genealogy.Domain.csproj", "{3E503C0C-AF89-48C2-AFBF-05B55BBD69EB}"
EndProject
Project("{FAE04EC0-301F-11D3-BF4B-00C04F79EFBC}") = "Genealogy.Infrastructure", "Genealogy.Infrastructure\Genealogy.Infrastructure.csproj", "{A6C59639-3B2B-4BAB-8AEA-1413D8DEAA96}"
EndProject
Project("{2150E333-8FDC-42A3-9474-1A3956D46DE8}") = "Solution Items", "Solution Items", "{68CDE25C-DE08-407D-A8B7-AE1B685B8EE4}"
	ProjectSection(SolutionItems) = preProject
		Dockerfile = Dockerfile
	EndProjectSection
EndProject
Project("{FAE04EC0-301F-11D3-BF4B-00C04F79EFBC}") = "WebApp", "WebApp\WebApp.csproj", "{8110FBF0-4728-4D06-9C3B-E194774B4CAE}"
EndProject
Global
	GlobalSection(SolutionConfigurationPlatforms) = preSolution
		Debug|Any CPU = Debug|Any CPU
		Release|Any CPU = Release|Any CPU
	EndGlobalSection
	GlobalSection(ProjectConfigurationPlatforms) = postSolution
		{3E503C0C-AF89-48C2-AFBF-05B55BBD69EB}.Debug|Any CPU.ActiveCfg = Debug|Any CPU
		{3E503C0C-AF89-48C2-AFBF-05B55BBD69EB}.Debug|Any CPU.Build.0 = Debug|Any CPU
		{3E503C0C-AF89-48C2-AFBF-05B55BBD69EB}.Release|Any CPU.ActiveCfg = Release|Any CPU
		{3E503C0C-AF89-48C2-AFBF-05B55BBD69EB}.Release|Any CPU.Build.0 = Release|Any CPU
		{A6C59639-3B2B-4BAB-8AEA-1413D8DEAA96}.Debug|Any CPU.ActiveCfg = Debug|Any CPU
		{A6C59639-3B2B-4BAB-8AEA-1413D8DEAA96}.Debug|Any CPU.Build.0 = Debug|Any CPU
		{A6C59639-3B2B-4BAB-8AEA-1413D8DEAA96}.Release|Any CPU.ActiveCfg = Release|Any CPU
		{A6C59639-3B2B-4BAB-8AEA-1413D8DEAA96}.Release|Any CPU.Build.0 = Release|Any CPU
		{8110FBF0-4728-4D06-9C3B-E194774B4CAE}.Debug|Any CPU.ActiveCfg = Debug|Any CPU
		{8110FBF0-4728-4D06-9C3B-E194774B4CAE}.Debug|Any CPU.Build.0 = Debug|Any CPU
		{8110FBF0-4728-4D06-9C3B-E194774B4CAE}.Release|Any CPU.ActiveCfg = Release|Any CPU
		{8110FBF0-4728-4D06-9C3B-E194774B4CAE}.Release|Any CPU.Build.0 = Release|Any CPU
	EndGlobalSection
	GlobalSection(SolutionProperties) = preSolution
		HideSolutionNode = FALSE
	EndGlobalSection
	GlobalSection(ExtensibilityGlobals) = postSolution
		SolutionGuid = {8C4DBE49-5DDF-4748-98D1-EA2A60C5305B}
	EndGlobalSection
EndGlobal
