
Microsoft Visual Studio Solution File, Format Version 12.00
# Visual Studio Version 17
VisualStudioVersion = 17.9.34622.214
MinimumVisualStudioVersion = 10.0.40219.1
Project("{9A19103F-16F7-4668-BE54-9A1E7A4F7556}") = "server", "server\server.csproj", "{A7ACFA7B-05BC-4BD8-9C71-A859850523EE}"
EndProject
Project("{FAE04EC0-301F-11D3-BF4B-00C04F79EFBC}") = "Genealogy.Domain", "Genealogy.Domain\Genealogy.Domain.csproj", "{3E503C0C-AF89-48C2-AFBF-05B55BBD69EB}"
EndProject
Project("{FAE04EC0-301F-11D3-BF4B-00C04F79EFBC}") = "Genealogy.Infrastructure", "Genealogy.Infrastructure\Genealogy.Infrastructure.csproj", "{A6C59639-3B2B-4BAB-8AEA-1413D8DEAA96}"
EndProject
Global
	GlobalSection(SolutionConfigurationPlatforms) = preSolution
		Debug|Any CPU = Debug|Any CPU
		Release|Any CPU = Release|Any CPU
	EndGlobalSection
	GlobalSection(ProjectConfigurationPlatforms) = postSolution
		{A7ACFA7B-05BC-4BD8-9C71-A859850523EE}.Debug|Any CPU.ActiveCfg = Debug|Any CPU
		{A7ACFA7B-05BC-4BD8-9C71-A859850523EE}.Debug|Any CPU.Build.0 = Debug|Any CPU
		{A7ACFA7B-05BC-4BD8-9C71-A859850523EE}.Release|Any CPU.ActiveCfg = Release|Any CPU
		{A7ACFA7B-05BC-4BD8-9C71-A859850523EE}.Release|Any CPU.Build.0 = Release|Any CPU
		{3E503C0C-AF89-48C2-AFBF-05B55BBD69EB}.Debug|Any CPU.ActiveCfg = Debug|Any CPU
		{3E503C0C-AF89-48C2-AFBF-05B55BBD69EB}.Debug|Any CPU.Build.0 = Debug|Any CPU
		{3E503C0C-AF89-48C2-AFBF-05B55BBD69EB}.Release|Any CPU.ActiveCfg = Release|Any CPU
		{3E503C0C-AF89-48C2-AFBF-05B55BBD69EB}.Release|Any CPU.Build.0 = Release|Any CPU
		{A6C59639-3B2B-4BAB-8AEA-1413D8DEAA96}.Debug|Any CPU.ActiveCfg = Debug|Any CPU
		{A6C59639-3B2B-4BAB-8AEA-1413D8DEAA96}.Debug|Any CPU.Build.0 = Debug|Any CPU
		{A6C59639-3B2B-4BAB-8AEA-1413D8DEAA96}.Release|Any CPU.ActiveCfg = Release|Any CPU
		{A6C59639-3B2B-4BAB-8AEA-1413D8DEAA96}.Release|Any CPU.Build.0 = Release|Any CPU
	EndGlobalSection
	GlobalSection(SolutionProperties) = preSolution
		HideSolutionNode = FALSE
	EndGlobalSection
	GlobalSection(ExtensibilityGlobals) = postSolution
		SolutionGuid = {8C4DBE49-5DDF-4748-98D1-EA2A60C5305B}
	EndGlobalSection
EndGlobal
